
Microsoft Visual Studio Solution File, Format Version 12.00
# Visual Studio Version 16
VisualStudioVersion = 16.0.29102.190
MinimumVisualStudioVersion = 10.0.40219.1
Project("{8BC9CEB8-8B4A-11D0-8D11-00A0C91BC942}") = "OpenChallenge08", "OpenChallenge08\OpenChallenge08.vcxproj", "{796A9213-535F-46F6-A92E-42A3096A1ED4}"
EndProject
Project("{8BC9CEB8-8B4A-11D0-8D11-00A0C91BC942}") = "Problem_05", "Problem_05\Problem_05.vcxproj", "{9378643F-5AE7-47FB-B7E8-C9622E8E1CAA}"
EndProject
Project("{8BC9CEB8-8B4A-11D0-8D11-00A0C91BC942}") = "Problem_09", "Problem_09\Problem_09.vcxproj", "{830AFF02-4311-49BF-8728-7BC07ABC2C62}"
EndProject
Global
	GlobalSection(SolutionConfigurationPlatforms) = preSolution
		Debug|x64 = Debug|x64
		Debug|x86 = Debug|x86
		Release|x64 = Release|x64
		Release|x86 = Release|x86
	EndGlobalSection
	GlobalSection(ProjectConfigurationPlatforms) = postSolution
		{796A9213-535F-46F6-A92E-42A3096A1ED4}.Debug|x64.ActiveCfg = Debug|x64
		{796A9213-535F-46F6-A92E-42A3096A1ED4}.Debug|x64.Build.0 = Debug|x64
		{796A9213-535F-46F6-A92E-42A3096A1ED4}.Debug|x86.ActiveCfg = Debug|Win32
		{796A9213-535F-46F6-A92E-42A3096A1ED4}.Debug|x86.Build.0 = Debug|Win32
		{796A9213-535F-46F6-A92E-42A3096A1ED4}.Release|x64.ActiveCfg = Release|x64
		{796A9213-535F-46F6-A92E-42A3096A1ED4}.Release|x64.Build.0 = Release|x64
		{796A9213-535F-46F6-A92E-42A3096A1ED4}.Release|x86.ActiveCfg = Release|Win32
		{796A9213-535F-46F6-A92E-42A3096A1ED4}.Release|x86.Build.0 = Release|Win32
		{9378643F-5AE7-47FB-B7E8-C9622E8E1CAA}.Debug|x64.ActiveCfg = Debug|x64
		{9378643F-5AE7-47FB-B7E8-C9622E8E1CAA}.Debug|x64.Build.0 = Debug|x64
		{9378643F-5AE7-47FB-B7E8-C9622E8E1CAA}.Debug|x86.ActiveCfg = Debug|Win32
		{9378643F-5AE7-47FB-B7E8-C9622E8E1CAA}.Debug|x86.Build.0 = Debug|Win32
		{9378643F-5AE7-47FB-B7E8-C9622E8E1CAA}.Release|x64.ActiveCfg = Release|x64
		{9378643F-5AE7-47FB-B7E8-C9622E8E1CAA}.Release|x64.Build.0 = Release|x64
		{9378643F-5AE7-47FB-B7E8-C9622E8E1CAA}.Release|x86.ActiveCfg = Release|Win32
		{9378643F-5AE7-47FB-B7E8-C9622E8E1CAA}.Release|x86.Build.0 = Release|Win32
		{830AFF02-4311-49BF-8728-7BC07ABC2C62}.Debug|x64.ActiveCfg = Debug|x64
		{830AFF02-4311-49BF-8728-7BC07ABC2C62}.Debug|x64.Build.0 = Debug|x64
		{830AFF02-4311-49BF-8728-7BC07ABC2C62}.Debug|x86.ActiveCfg = Debug|Win32
		{830AFF02-4311-49BF-8728-7BC07ABC2C62}.Debug|x86.Build.0 = Debug|Win32
		{830AFF02-4311-49BF-8728-7BC07ABC2C62}.Release|x64.ActiveCfg = Release|x64
		{830AFF02-4311-49BF-8728-7BC07ABC2C62}.Release|x64.Build.0 = Release|x64
		{830AFF02-4311-49BF-8728-7BC07ABC2C62}.Release|x86.ActiveCfg = Release|Win32
		{830AFF02-4311-49BF-8728-7BC07ABC2C62}.Release|x86.Build.0 = Release|Win32
	EndGlobalSection
	GlobalSection(SolutionProperties) = preSolution
		HideSolutionNode = FALSE
	EndGlobalSection
	GlobalSection(ExtensibilityGlobals) = postSolution
		SolutionGuid = {FC4B9046-8D41-4F6A-88F3-B0EDFA807B4B}
	EndGlobalSection
EndGlobal
